{
  "name": "cross-os-proxy",
  "version": "1.0.0",
  "lockfileVersion": 1,
  "requires": true,
  "dependencies": {
    "async": {
      "version": "1.5.2",
      "resolved": "https://registry.npm.taobao.org/async/download/async-1.5.2.tgz?cache=0&other_urls=https%3A%2F%2Fregistry.npm.taobao.org%2Fasync%2Fdownload%2Fasync-1.5.2.tgz",
      "integrity": "sha1-7GphrlZIDAw8skHJVhjiCJL5Zyo="
    },
    "commander": {
      "version": "2.9.0",
      "resolved": "https://registry.nlark.com/commander/download/commander-2.9.0.tgz?cache=0&sync_timestamp=1624609539421&other_urls=https%3A%2F%2Fregistry.nlark.com%2Fcommander%2Fdownload%2Fcommander-2.9.0.tgz",
      "integrity": "sha1-nJkJQXbhIkDLItbFFGCYQA/g99Q=",
      "requires": {
        "graceful-readlink": ">= 1.0.0"
      }
    },
    "core-util-is": {
      "version": "1.0.2",
      "resolved": "https://registry.nlark.com/core-util-is/download/core-util-is-1.0.2.tgz",
      "integrity": "sha1-tf1UIgqivFq1eqtxQMlAdUUDwac="
    },
    "cross-spawn": {
      "version": "7.0.3",
      "resolved": "https://registry.nlark.com/cross-spawn/download/cross-spawn-7.0.3.tgz",
      "integrity": "sha1-9zqFudXUHQRVUcF34ogtSshXKKY=",
      "requires": {
        "path-key": "^3.1.0",
        "shebang-command": "^2.0.0",
        "which": "^2.0.1"
      }
    },
    "debug": {
      "version": "2.6.9",
      "resolved": "https://registry.npm.taobao.org/debug/download/debug-2.6.9.tgz?cache=0&sync_timestamp=1607566571506&other_urls=https%3A%2F%2Fregistry.npm.taobao.org%2Fdebug%2Fdownload%2Fdebug-2.6.9.tgz",
      "integrity": "sha1-XRKFFd8TT/Mn6QpMk/Tgd6U2NB8=",
      "requires": {
        "ms": "2.0.0"
      }
    },
    "execa": {
      "version": "5.1.1",
      "resolved": "https://registry.nlark.com/execa/download/execa-5.1.1.tgz",
      "integrity": "sha1-+ArZy/Qpj3vR1MlVXCHpN0HEEd0=",
      "requires": {
        "cross-spawn": "^7.0.3",
        "get-stream": "^6.0.0",
        "human-signals": "^2.1.0",
        "is-stream": "^2.0.0",
        "merge-stream": "^2.0.0",
        "npm-run-path": "^4.0.1",
        "onetime": "^5.1.2",
        "signal-exit": "^3.0.3",
        "strip-final-newline": "^2.0.0"
      }
    },
    "get-stream": {
      "version": "6.0.1",
      "resolved": "https://registry.nlark.com/get-stream/download/get-stream-6.0.1.tgz",
      "integrity": "sha1-omLY7vZ6ztV8KFKtYWdSakPL97c="
    },
    "graceful-readlink": {
      "version": "1.0.1",
      "resolved": "https://registry.nlark.com/graceful-readlink/download/graceful-readlink-1.0.1.tgz",
      "integrity": "sha1-TK+tdrxi8C+gObL5Tpo906ORpyU="
    },
    "human-signals": {
      "version": "2.1.0",
      "resolved": "https://registry.nlark.com/human-signals/download/human-signals-2.1.0.tgz?cache=0&sync_timestamp=1624364695595&other_urls=https%3A%2F%2Fregistry.nlark.com%2Fhuman-signals%2Fdownload%2Fhuman-signals-2.1.0.tgz",
      "integrity": "sha1-3JH8ukLk0G5Kuu0zs+ejwC9RTqA="
    },
    "iconv-lite": {
      "version": "0.4.24",
      "resolved": "https://registry.nlark.com/iconv-lite/download/iconv-lite-0.4.24.tgz",
      "integrity": "sha1-ICK0sl+93CHS9SSXSkdKr+czkIs=",
      "requires": {
        "safer-buffer": ">= 2.1.2 < 3"
      }
    },
    "if-async": {
      "version": "3.7.4",
      "resolved": "https://registry.nlark.com/if-async/download/if-async-3.7.4.tgz",
      "integrity": "sha1-VYaN6wCT08Z79xZudFNT+5vLIaI="
    },
    "inherits": {
      "version": "2.0.4",
      "resolved": "https://registry.nlark.com/inherits/download/inherits-2.0.4.tgz",
      "integrity": "sha1-D6LGT5MpF8NDOg3tVTY6rjdBa3w="
    },
    "is-stream": {
      "version": "2.0.0",
      "resolved": "https://registry.nlark.com/is-stream/download/is-stream-2.0.0.tgz",
      "integrity": "sha1-venDJoDW+uBBKdasnZIc54FfeOM="
    },
    "isarray": {
      "version": "0.0.1",
      "resolved": "https://registry.npm.taobao.org/isarray/download/isarray-0.0.1.tgz",
      "integrity": "sha1-ihis/Kmo9Bd+Cav8YDiTmwXR7t8="
    },
    "isexe": {
      "version": "2.0.0",
      "resolved": "https://registry.npm.taobao.org/isexe/download/isexe-2.0.0.tgz",
      "integrity": "sha1-6PvzdNxVb/iUehDcsFctYz8s+hA="
    },
    "merge-stream": {
      "version": "2.0.0",
      "resolved": "https://registry.npm.taobao.org/merge-stream/download/merge-stream-2.0.0.tgz",
      "integrity": "sha1-UoI2KaFN0AyXcPtq1H3GMQ8sH2A="
    },
    "mimic-fn": {
      "version": "2.1.0",
      "resolved": "https://registry.nlark.com/mimic-fn/download/mimic-fn-2.1.0.tgz",
      "integrity": "sha1-ftLCzMyvhNP/y3pptXcR/CCDQBs="
    },
    "ms": {
      "version": "2.0.0",
      "resolved": "https://registry.npm.taobao.org/ms/download/ms-2.0.0.tgz?cache=0&sync_timestamp=1607433872491&other_urls=https%3A%2F%2Fregistry.npm.taobao.org%2Fms%2Fdownload%2Fms-2.0.0.tgz",
      "integrity": "sha1-VgiurfwAvmwpAd9fmGF4jeDVl8g="
    },
    "needle": {
      "version": "1.1.2",
      "resolved": "https://registry.nlark.com/needle/download/needle-1.1.2.tgz?cache=0&sync_timestamp=1625234099062&other_urls=https%3A%2F%2Fregistry.nlark.com%2Fneedle%2Fdownload%2Fneedle-1.1.2.tgz",
      "integrity": "sha1-0oQaElv9dP77MMA0QQQ2kGHD4To=",
      "requires": {
        "debug": "^2.1.2",
        "iconv-lite": "^0.4.4"
      }
    },
    "network": {
      "version": "0.5.0",
      "resolved": "https://registry.nlark.com/network/download/network-0.5.0.tgz",
      "integrity": "sha1-T8oS/+gIdwNahZ9lVhjuMLSCONo=",
      "requires": {
        "async": "^1.5.2",
        "commander": "2.9.0",
        "needle": "1.1.2",
        "wmic": "^0.1.0"
      }
    },
    "npm-run-path": {
      "version": "4.0.1",
      "resolved": "https://registry.nlark.com/npm-run-path/download/npm-run-path-4.0.1.tgz",
      "integrity": "sha1-t+zR5e1T2o43pV4cImnguX7XSOo=",
      "requires": {
        "path-key": "^3.0.0"
      }
    },
    "onetime": {
      "version": "5.1.2",
      "resolved": "https://registry.nlark.com/onetime/download/onetime-5.1.2.tgz",
      "integrity": "sha1-0Oluu1awdHbfHdnEgG5SN5hcpF4=",
      "requires": {
        "mimic-fn": "^2.1.0"
      }
    },
    "path-key": {
      "version": "3.1.1",
      "resolved": "https://registry.nlark.com/path-key/download/path-key-3.1.1.tgz",
      "integrity": "sha1-WB9q3mWMu6ZaDTOA3ndTKVBU83U="
    },
    "pify": {
      "version": "5.0.0",
      "resolved": "https://registry.nlark.com/pify/download/pify-5.0.0.tgz",
      "integrity": "sha1-H17KP16H6+wozG1UoOSq8ArMEn8="
    },
    "readable-stream": {
      "version": "1.0.34",
      "resolved": "https://registry.npm.taobao.org/readable-stream/download/readable-stream-1.0.34.tgz",
      "integrity": "sha1-Elgg40vIQtLyqq+v5MKRbuMsFXw=",
      "requires": {
        "core-util-is": "~1.0.0",
        "inherits": "~2.0.1",
        "isarray": "0.0.1",
        "string_decoder": "~0.10.x"
      }
    },
    "regedit": {
      "version": "4.0.0",
      "resolved": "https://registry.nlark.com/regedit/download/regedit-4.0.0.tgz",
      "integrity": "sha1-M1hFWW9AkzK/0iRae8a1WI1ioNE=",
      "requires": {
        "debug": "^4.1.0",
        "if-async": "^3.7.4",
        "stream-slicer": "0.0.6",
        "through2": "^0.6.3"
      },
      "dependencies": {
        "debug": {
          "version": "4.3.1",
          "resolved": "https://registry.npm.taobao.org/debug/download/debug-4.3.1.tgz?cache=0&sync_timestamp=1607566571506&other_urls=https%3A%2F%2Fregistry.npm.taobao.org%2Fdebug%2Fdownload%2Fdebug-4.3.1.tgz",
          "integrity": "sha1-8NIpxQXgxtjEmsVT0bE9wYP2su4=",
          "requires": {
            "ms": "2.1.2"
          }
        },
        "ms": {
          "version": "2.1.2",
          "resolved": "https://registry.npm.taobao.org/ms/download/ms-2.1.2.tgz?cache=0&sync_timestamp=1607433872491&other_urls=https%3A%2F%2Fregistry.npm.taobao.org%2Fms%2Fdownload%2Fms-2.1.2.tgz",
          "integrity": "sha1-0J0fNXtEP0kzgqjrPM0YOHKuYAk="
        }
      }
    },
    "safer-buffer": {
      "version": "2.1.2",
      "resolved": "https://registry.nlark.com/safer-buffer/download/safer-buffer-2.1.2.tgz",
      "integrity": "sha1-RPoWGwGHuVSd2Eu5GAL5vYOFzWo="
    },
    "shebang-command": {
      "version": "2.0.0",
      "resolved": "https://registry.nlark.com/shebang-command/download/shebang-command-2.0.0.tgz",
      "integrity": "sha1-zNCvT4g1+9wmW4JGGq8MNmY/NOo=",
      "requires": {
        "shebang-regex": "^3.0.0"
      }
    },
    "shebang-regex": {
      "version": "3.0.0",
      "resolved": "https://registry.npm.taobao.org/shebang-regex/download/shebang-regex-3.0.0.tgz",
      "integrity": "sha1-rhbxZE2HPsrYQ7AwexQzYtTEIXI="
    },
    "signal-exit": {
      "version": "3.0.3",
      "resolved": "https://registry.nlark.com/signal-exit/download/signal-exit-3.0.3.tgz",
      "integrity": "sha1-oUEMLt2PB3sItOJTyOrPyvBXRhw="
    },
    "stream-slicer": {
      "version": "0.0.6",
      "resolved": "https://registry.nlark.com/stream-slicer/download/stream-slicer-0.0.6.tgz",
      "integrity": "sha1-+GsqxcJEC3oKh7cfM2ZcB4gEYTg="
    },
    "string_decoder": {
      "version": "0.10.31",
      "resolved": "https://registry.nlark.com/string_decoder/download/string_decoder-0.10.31.tgz",
      "integrity": "sha1-YuIDvEF2bGwoyfyEMB2rHFMQ+pQ="
    },
    "strip-final-newline": {
      "version": "2.0.0",
      "resolved": "https://registry.nlark.com/strip-final-newline/download/strip-final-newline-2.0.0.tgz?cache=0&sync_timestamp=1620046435959&other_urls=https%3A%2F%2Fregistry.nlark.com%2Fstrip-final-newline%2Fdownload%2Fstrip-final-newline-2.0.0.tgz",
      "integrity": "sha1-ibhS+y/L6Tb29LMYevsKEsGrWK0="
    },
    "through2": {
      "version": "0.6.5",
      "resolved": "https://registry.npm.taobao.org/through2/download/through2-0.6.5.tgz",
      "integrity": "sha1-QaucZ7KdVyCQcUEOHXp6lozTrUg=",
      "requires": {
        "readable-stream": ">=1.0.33-1 <1.1.0-0",
        "xtend": ">=4.0.0 <4.1.0-0"
      }
    },
    "which": {
      "version": "2.0.2",
      "resolved": "https://registry.nlark.com/which/download/which-2.0.2.tgz",
      "integrity": "sha1-fGqN0KY2oDJ+ELWckobu6T8/UbE=",
      "requires": {
        "isexe": "^2.0.0"
      }
    },
    "wmic": {
      "version": "0.1.0",
      "resolved": "https://registry.nlark.com/wmic/download/wmic-0.1.0.tgz",
      "integrity": "sha1-eLQasR0VTLgSgZ4SkWdNrVXY4dc=",
      "requires": {
        "async": "^3.2.0",
        "iconv-lite": "^0.4.13"
      },
      "dependencies": {
        "async": {
          "version": "3.2.0",
          "resolved": "https://registry.npm.taobao.org/async/download/async-3.2.0.tgz?cache=0&other_urls=https%3A%2F%2Fregistry.npm.taobao.org%2Fasync%2Fdownload%2Fasync-3.2.0.tgz",
          "integrity": "sha1-s6JoXF67ZB094C0WEALGD8n4VyA="
        }
      }
    },
    "xtend": {
      "version": "4.0.2",
      "resolved": "https://registry.nlark.com/xtend/download/xtend-4.0.2.tgz",
      "integrity": "sha1-u3J3n1+kZRhrH0OPZ0+jR/2121Q="
    }
  }
}
